// !$*UTF8*$!
{
	archiveVersion = 1;
	classes = {
	};
	objectVersion = 46;
	objects = {

/* Begin PBXBuildFile section */
		76564CB71D71AC5200B0096C /* AppDelegate.swift in Sources */ = {isa = PBXBuildFile; fileRef = 76564CB61D71AC5200B0096C /* AppDelegate.swift */; };
		76564CB91D71AC5200B0096C /* ViewController.swift in Sources */ = {isa = PBXBuildFile; fileRef = 76564CB81D71AC5200B0096C /* ViewController.swift */; };
		76564CBC1D71AC5200B0096C /* Main.storyboard in Resources */ = {isa = PBXBuildFile; fileRef = 76564CBA1D71AC5200B0096C /* Main.storyboard */; };
		76564CBE1D71AC5200B0096C /* Assets.xcassets in Resources */ = {isa = PBXBuildFile; fileRef = 76564CBD1D71AC5200B0096C /* Assets.xcassets */; };
		76564CC11D71AC5200B0096C /* LaunchScreen.storyboard in Resources */ = {isa = PBXBuildFile; fileRef = 76564CBF1D71AC5200B0096C /* LaunchScreen.storyboard */; };
		76564CCC1D71AC7000B0096C /* Constants.swift in Sources */ = {isa = PBXBuildFile; fileRef = 76564CCB1D71AC7000B0096C /* Constants.swift */; };
		76564CCF1D71B0F400B0096C /* ExploreTableViewCell.swift in Sources */ = {isa = PBXBuildFile; fileRef = 76564CCD1D71B0F400B0096C /* ExploreTableViewCell.swift */; };
		76564CD01D71B0F400B0096C /* ExploreTableViewCell.xib in Resources */ = {isa = PBXBuildFile; fileRef = 76564CCE1D71B0F400B0096C /* ExploreTableViewCell.xib */; };
		76564CD31D71B3BC00B0096C /* Api.swift in Sources */ = {isa = PBXBuildFile; fileRef = 76564CD21D71B3BC00B0096C /* Api.swift */; };
		76564CD61D71B6BE00B0096C /* ExploreCategory.swift in Sources */ = {isa = PBXBuildFile; fileRef = 76564CD51D71B6BE00B0096C /* ExploreCategory.swift */; };
		76564CDB1D71BFFD00B0096C /* ExploreCategoryFetcher.swift in Sources */ = {isa = PBXBuildFile; fileRef = 76564CDA1D71BFFD00B0096C /* ExploreCategoryFetcher.swift */; };
		765B07911D71CC6100F5AB55 /* PushAnimationHandler.swift in Sources */ = {isa = PBXBuildFile; fileRef = 765B07901D71CC6100F5AB55 /* PushAnimationHandler.swift */; };
		765B07931D71CC6900F5AB55 /* PopAnimationHandler.swift in Sources */ = {isa = PBXBuildFile; fileRef = 765B07921D71CC6900F5AB55 /* PopAnimationHandler.swift */; };
		765B07951D71CE0D00F5AB55 /* CategoryDisplayViewController.swift in Sources */ = {isa = PBXBuildFile; fileRef = 765B07941D71CE0D00F5AB55 /* CategoryDisplayViewController.swift */; };
		765B07981D71D43300F5AB55 /* SmallHeader.swift in Sources */ = {isa = PBXBuildFile; fileRef = 765B07971D71D43300F5AB55 /* SmallHeader.swift */; };
		765B079A1D71D45300F5AB55 /* SmallHeader.xib in Resources */ = {isa = PBXBuildFile; fileRef = 765B07991D71D45300F5AB55 /* SmallHeader.xib */; };
		765B079C1D71D56B00F5AB55 /* NormalHeader.xib in Resources */ = {isa = PBXBuildFile; fileRef = 765B079B1D71D56B00F5AB55 /* NormalHeader.xib */; };
		765B079E1D71D57700F5AB55 /* NormalHeader.swift in Sources */ = {isa = PBXBuildFile; fileRef = 765B079D1D71D57700F5AB55 /* NormalHeader.swift */; };
		765B07A01D71D63100F5AB55 /* BaseHeaderFooterView.swift in Sources */ = {isa = PBXBuildFile; fileRef = 765B079F1D71D63100F5AB55 /* BaseHeaderFooterView.swift */; };
		9A8A746A7D2DA1E3831611F5 /* Pods_AppleExplore.framework in Frameworks */ = {isa = PBXBuildFile; fileRef = 0060C31BEA40615588D95CE9 /* Pods_AppleExplore.framework */; };
/* End PBXBuildFile section */

/* Begin PBXFileReference section */
		0060C31BEA40615588D95CE9 /* Pods_AppleExplore.framework */ = {isa = PBXFileReference; explicitFileType = wrapper.framework; includeInIndex = 0; path = Pods_AppleExplore.framework; sourceTree = BUILT_PRODUCTS_DIR; };
		053A71AD8F5584C93FFE3C32 /* Pods-AppleExplore.release.xcconfig */ = {isa = PBXFileReference; includeInIndex = 1; lastKnownFileType = text.xcconfig; name = "Pods-AppleExplore.release.xcconfig"; path = "Pods/Target Support Files/Pods-AppleExplore/Pods-AppleExplore.release.xcconfig"; sourceTree = "<group>"; };
		0CA8A109793A7474C195B703 /* Pods-AppleExplore.debug.xcconfig */ = {isa = PBXFileReference; includeInIndex = 1; lastKnownFileType = text.xcconfig; name = "Pods-AppleExplore.debug.xcconfig"; path = "Pods/Target Support Files/Pods-AppleExplore/Pods-AppleExplore.debug.xcconfig"; sourceTree = "<group>"; };
		76564CB31D71AC5200B0096C /* AppleExplore.app */ = {isa = PBXFileReference; explicitFileType = wrapper.application; includeInIndex = 0; path = AppleExplore.app; sourceTree = BUILT_PRODUCTS_DIR; };
		76564CB61D71AC5200B0096C /* AppDelegate.swift */ = {isa = PBXFileReference; lastKnownFileType = sourcecode.swift; path = AppDelegate.swift; sourceTree = "<group>"; };
		76564CB81D71AC5200B0096C /* ViewController.swift */ = {isa = PBXFileReference; lastKnownFileType = sourcecode.swift; path = ViewController.swift; sourceTree = "<group>"; };
		76564CBB1D71AC5200B0096C /* Base */ = {isa = PBXFileReference; lastKnownFileType = file.storyboard; name = Base; path = Base.lproj/Main.storyboard; sourceTree = "<group>"; };
		76564CBD1D71AC5200B0096C /* Assets.xcassets */ = {isa = PBXFileReference; lastKnownFileType = folder.assetcatalog; path = Assets.xcassets; sourceTree = "<group>"; };
		76564CC01D71AC5200B0096C /* Base */ = {isa = PBXFileReference; lastKnownFileType = file.storyboard; name = Base; path = Base.lproj/LaunchScreen.storyboard; sourceTree = "<group>"; };
		76564CC21D71AC5200B0096C /* Info.plist */ = {isa = PBXFileReference; lastKnownFileType = text.plist.xml; path = Info.plist; sourceTree = "<group>"; };
		76564CCB1D71AC7000B0096C /* Constants.swift */ = {isa = PBXFileReference; fileEncoding = 4; lastKnownFileType = sourcecode.swift; path = Constants.swift; sourceTree = "<group>"; };
		76564CCD1D71B0F400B0096C /* ExploreTableViewCell.swift */ = {isa = PBXFileReference; fileEncoding = 4; lastKnownFileType = sourcecode.swift; path = ExploreTableViewCell.swift; sourceTree = "<group>"; };
		76564CCE1D71B0F400B0096C /* ExploreTableViewCell.xib */ = {isa = PBXFileReference; fileEncoding = 4; lastKnownFileType = file.xib; path = ExploreTableViewCell.xib; sourceTree = "<group>"; };
		76564CD21D71B3BC00B0096C /* Api.swift */ = {isa = PBXFileReference; fileEncoding = 4; lastKnownFileType = sourcecode.swift; path = Api.swift; sourceTree = "<group>"; };
		76564CD51D71B6BE00B0096C /* ExploreCategory.swift */ = {isa = PBXFileReference; fileEncoding = 4; lastKnownFileType = sourcecode.swift; path = ExploreCategory.swift; sourceTree = "<group>"; };
		76564CDA1D71BFFD00B0096C /* ExploreCategoryFetcher.swift */ = {isa = PBXFileReference; fileEncoding = 4; lastKnownFileType = sourcecode.swift; path = ExploreCategoryFetcher.swift; sourceTree = "<group>"; };
		765B07901D71CC6100F5AB55 /* PushAnimationHandler.swift */ = {isa = PBXFileReference; fileEncoding = 4; lastKnownFileType = sourcecode.swift; path = PushAnimationHandler.swift; sourceTree = "<group>"; };
		765B07921D71CC6900F5AB55 /* PopAnimationHandler.swift */ = {isa = PBXFileReference; fileEncoding = 4; lastKnownFileType = sourcecode.swift; path = PopAnimationHandler.swift; sourceTree = "<group>"; };
		765B07941D71CE0D00F5AB55 /* CategoryDisplayViewController.swift */ = {isa = PBXFileReference; fileEncoding = 4; lastKnownFileType = sourcecode.swift; path = CategoryDisplayViewController.swift; sourceTree = "<group>"; };
		765B07971D71D43300F5AB55 /* SmallHeader.swift */ = {isa = PBXFileReference; fileEncoding = 4; lastKnownFileType = sourcecode.swift; path = SmallHeader.swift; sourceTree = "<group>"; };
		765B07991D71D45300F5AB55 /* SmallHeader.xib */ = {isa = PBXFileReference; fileEncoding = 4; lastKnownFileType = file.xib; path = SmallHeader.xib; sourceTree = "<group>"; };
		765B079B1D71D56B00F5AB55 /* NormalHeader.xib */ = {isa = PBXFileReference; fileEncoding = 4; lastKnownFileType = file.xib; path = NormalHeader.xib; sourceTree = "<group>"; };
		765B079D1D71D57700F5AB55 /* NormalHeader.swift */ = {isa = PBXFileReference; fileEncoding = 4; lastKnownFileType = sourcecode.swift; path = NormalHeader.swift; sourceTree = "<group>"; };
		765B079F1D71D63100F5AB55 /* BaseHeaderFooterView.swift */ = {isa = PBXFileReference; fileEncoding = 4; lastKnownFileType = sourcecode.swift; path = BaseHeaderFooterView.swift; sourceTree = "<group>"; };
/* End PBXFileReference section */

/* Begin PBXFrameworksBuildPhase section */
		76564CB01D71AC5200B0096C /* Frameworks */ = {
			isa = PBXFrameworksBuildPhase;
			buildActionMask = 2147483647;
			files = (
				9A8A746A7D2DA1E3831611F5 /* Pods_AppleExplore.framework in Frameworks */,
			);
			runOnlyForDeploymentPostprocessing = 0;
		};
/* End PBXFrameworksBuildPhase section */

/* Begin PBXGroup section */
		16D1C582CD84D6AFBAD949F9 /* Frameworks */ = {
			isa = PBXGroup;
			children = (
				0060C31BEA40615588D95CE9 /* Pods_AppleExplore.framework */,
			);
			name = Frameworks;
			sourceTree = "<group>";
		};
		76564CAA1D71AC5200B0096C = {
			isa = PBXGroup;
			children = (
				76564CB51D71AC5200B0096C /* AppleExplore */,
				76564CB41D71AC5200B0096C /* Products */,
				D1E81445A61DD6E7D69F676E /* Pods */,
				16D1C582CD84D6AFBAD949F9 /* Frameworks */,
			);
			sourceTree = "<group>";
		};
		76564CB41D71AC5200B0096C /* Products */ = {
			isa = PBXGroup;
			children = (
				76564CB31D71AC5200B0096C /* AppleExplore.app */,
			);
			name = Products;
			sourceTree = "<group>";
		};
		76564CB51D71AC5200B0096C /* AppleExplore */ = {
			isa = PBXGroup;
			children = (
				765B078F1D71CC4300F5AB55 /* Transition Handlers */,
				76564CD41D71B5C900B0096C /* Models */,
				76564CD11D71B3B000B0096C /* Network */,
				765B07961D71D3F900F5AB55 /* Headers */,
				76564CCA1D71AC6500B0096C /* Cells */,
				76564CC91D71AC6100B0096C /* Constants */,
				76564CB61D71AC5200B0096C /* AppDelegate.swift */,
				76564CC81D71AC5C00B0096C /* Controllers */,
				76564CBA1D71AC5200B0096C /* Main.storyboard */,
				76564CBD1D71AC5200B0096C /* Assets.xcassets */,
				76564CBF1D71AC5200B0096C /* LaunchScreen.storyboard */,
				76564CC21D71AC5200B0096C /* Info.plist */,
			);
			path = AppleExplore;
			sourceTree = "<group>";
		};
		76564CC81D71AC5C00B0096C /* Controllers */ = {
			isa = PBXGroup;
			children = (
				76564CB81D71AC5200B0096C /* ViewController.swift */,
				765B07941D71CE0D00F5AB55 /* CategoryDisplayViewController.swift */,
			);
			name = Controllers;
			sourceTree = "<group>";
		};
		76564CC91D71AC6100B0096C /* Constants */ = {
			isa = PBXGroup;
			children = (
				76564CCB1D71AC7000B0096C /* Constants.swift */,
			);
			name = Constants;
			sourceTree = "<group>";
		};
		76564CCA1D71AC6500B0096C /* Cells */ = {
			isa = PBXGroup;
			children = (
				76564CCD1D71B0F400B0096C /* ExploreTableViewCell.swift */,
				76564CCE1D71B0F400B0096C /* ExploreTableViewCell.xib */,
			);
			name = Cells;
			sourceTree = "<group>";
		};
		76564CD11D71B3B000B0096C /* Network */ = {
			isa = PBXGroup;
			children = (
				76564CD21D71B3BC00B0096C /* Api.swift */,
				76564CD91D71BD4E00B0096C /* Services */,
			);
			name = Network;
			sourceTree = "<group>";
		};
		76564CD41D71B5C900B0096C /* Models */ = {
			isa = PBXGroup;
			children = (
				76564CD51D71B6BE00B0096C /* ExploreCategory.swift */,
			);
			name = Models;
			sourceTree = "<group>";
		};
		76564CD91D71BD4E00B0096C /* Services */ = {
			isa = PBXGroup;
			children = (
				76564CDA1D71BFFD00B0096C /* ExploreCategoryFetcher.swift */,
			);
			name = Services;
			sourceTree = "<group>";
		};
		765B078F1D71CC4300F5AB55 /* Transition Handlers */ = {
			isa = PBXGroup;
			children = (
				765B07901D71CC6100F5AB55 /* PushAnimationHandler.swift */,
				765B07921D71CC6900F5AB55 /* PopAnimationHandler.swift */,
			);
			name = "Transition Handlers";
			sourceTree = "<group>";
		};
		765B07961D71D3F900F5AB55 /* Headers */ = {
			isa = PBXGroup;
			children = (
				765B079F1D71D63100F5AB55 /* BaseHeaderFooterView.swift */,
				765B07991D71D45300F5AB55 /* SmallHeader.xib */,
				765B07971D71D43300F5AB55 /* SmallHeader.swift */,
				765B079B1D71D56B00F5AB55 /* NormalHeader.xib */,
				765B079D1D71D57700F5AB55 /* NormalHeader.swift */,
			);
			name = Headers;
			sourceTree = "<group>";
		};
		D1E81445A61DD6E7D69F676E /* Pods */ = {
			isa = PBXGroup;
			children = (
				0CA8A109793A7474C195B703 /* Pods-AppleExplore.debug.xcconfig */,
				053A71AD8F5584C93FFE3C32 /* Pods-AppleExplore.release.xcconfig */,
			);
			name = Pods;
			sourceTree = "<group>";
		};
/* End PBXGroup section */

/* Begin PBXNativeTarget section */
		76564CB21D71AC5200B0096C /* AppleExplore */ = {
			isa = PBXNativeTarget;
			buildConfigurationList = 76564CC51D71AC5200B0096C /* Build configuration list for PBXNativeTarget "AppleExplore" */;
			buildPhases = (
				9CC64081B1718104C273F17B /* [CP] Check Pods Manifest.lock */,
				76564CAF1D71AC5200B0096C /* Sources */,
				76564CB01D71AC5200B0096C /* Frameworks */,
				76564CB11D71AC5200B0096C /* Resources */,
				9DAC5CFA83876F0BBD9C2D5D /* [CP] Embed Pods Frameworks */,
				FF89EC5C4C3BD37500E20FB4 /* [CP] Copy Pods Resources */,
			);
			buildRules = (
			);
			dependencies = (
			);
			name = AppleExplore;
			productName = AppleExplore;
			productReference = 76564CB31D71AC5200B0096C /* AppleExplore.app */;
			productType = "com.apple.product-type.application";
		};
/* End PBXNativeTarget section */

/* Begin PBXProject section */
		76564CAB1D71AC5200B0096C /* Project object */ = {
			isa = PBXProject;
			attributes = {
				LastSwiftUpdateCheck = 0730;
				LastUpgradeCheck = 0730;
				ORGANIZATIONNAME = Chandra;
				TargetAttributes = {
					76564CB21D71AC5200B0096C = {
						CreatedOnToolsVersion = 7.3.1;
					};
				};
			};
			buildConfigurationList = 76564CAE1D71AC5200B0096C /* Build configuration list for PBXProject "AppleExplore" */;
			compatibilityVersion = "Xcode 3.2";
			developmentRegion = English;
			hasScannedForEncodings = 0;
			knownRegions = (
				en,
				Base,
			);
			mainGroup = 76564CAA1D71AC5200B0096C;
			productRefGroup = 76564CB41D71AC5200B0096C /* Products */;
			projectDirPath = "";
			projectRoot = "";
			targets = (
				76564CB21D71AC5200B0096C /* AppleExplore */,
			);
		};
/* End PBXProject section */

/* Begin PBXResourcesBuildPhase section */
		76564CB11D71AC5200B0096C /* Resources */ = {
			isa = PBXResourcesBuildPhase;
			buildActionMask = 2147483647;
			files = (
				76564CC11D71AC5200B0096C /* LaunchScreen.storyboard in Resources */,
				76564CBE1D71AC5200B0096C /* Assets.xcassets in Resources */,
				76564CBC1D71AC5200B0096C /* Main.storyboard in Resources */,
				765B079A1D71D45300F5AB55 /* SmallHeader.xib in Resources */,
				76564CD01D71B0F400B0096C /* ExploreTableViewCell.xib in Resources */,
				765B079C1D71D56B00F5AB55 /* NormalHeader.xib in Resources */,
			);
			runOnlyForDeploymentPostprocessing = 0;
		};
/* End PBXResourcesBuildPhase section */

/* Begin PBXShellScriptBuildPhase section */
		9CC64081B1718104C273F17B /* [CP] Check Pods Manifest.lock */ = {
			isa = PBXShellScriptBuildPhase;
			buildActionMask = 2147483647;
			files = (
			);
			inputPaths = (
			);
			name = "[CP] Check Pods Manifest.lock";
			outputPaths = (
			);
			runOnlyForDeploymentPostprocessing = 0;
			shellPath = /bin/sh;
			shellScript = "diff \"${PODS_ROOT}/../Podfile.lock\" \"${PODS_ROOT}/Manifest.lock\" > /dev/null\nif [[ $? != 0 ]] ; then\n    cat << EOM\nerror: The sandbox is not in sync with the Podfile.lock. Run 'pod install' or update your CocoaPods installation.\nEOM\n    exit 1\nfi\n";
			showEnvVarsInLog = 0;
		};
		9DAC5CFA83876F0BBD9C2D5D /* [CP] Embed Pods Frameworks */ = {
			isa = PBXShellScriptBuildPhase;
			buildActionMask = 2147483647;
			files = (
			);
			inputPaths = (
			);
			name = "[CP] Embed Pods Frameworks";
			outputPaths = (
			);
			runOnlyForDeploymentPostprocessing = 0;
			shellPath = /bin/sh;
			shellScript = "\"${SRCROOT}/Pods/Target Support Files/Pods-AppleExplore/Pods-AppleExplore-frameworks.sh\"\n";
			showEnvVarsInLog = 0;
		};
		FF89EC5C4C3BD37500E20FB4 /* [CP] Copy Pods Resources */ = {
			isa = PBXShellScriptBuildPhase;
			buildActionMask = 2147483647;
			files = (
			);
			inputPaths = (
			);
			name = "[CP] Copy Pods Resources";
			outputPaths = (
			);
			runOnlyForDeploymentPostprocessing = 0;
			shellPath = /bin/sh;
			shellScript = "\"${SRCROOT}/Pods/Target Support Files/Pods-AppleExplore/Pods-AppleExplore-resources.sh\"\n";
			showEnvVarsInLog = 0;
		};
/* End PBXShellScriptBuildPhase section */

/* Begin PBXSourcesBuildPhase section */
		76564CAF1D71AC5200B0096C /* Sources */ = {
			isa = PBXSourcesBuildPhase;
			buildActionMask = 2147483647;
			files = (
				76564CB91D71AC5200B0096C /* ViewController.swift in Sources */,
				765B07A01D71D63100F5AB55 /* BaseHeaderFooterView.swift in Sources */,
				765B07951D71CE0D00F5AB55 /* CategoryDisplayViewController.swift in Sources */,
				76564CD61D71B6BE00B0096C /* ExploreCategory.swift in Sources */,
				76564CB71D71AC5200B0096C /* AppDelegate.swift in Sources */,
				765B07911D71CC6100F5AB55 /* PushAnimationHandler.swift in Sources */,
				76564CDB1D71BFFD00B0096C /* ExploreCategoryFetcher.swift in Sources */,
				76564CCC1D71AC7000B0096C /* Constants.swift in Sources */,
				76564CD31D71B3BC00B0096C /* Api.swift in Sources */,
				765B07931D71CC6900F5AB55 /* PopAnimationHandler.swift in Sources */,
				76564CCF1D71B0F400B0096C /* ExploreTableViewCell.swift in Sources */,
				765B07981D71D43300F5AB55 /* SmallHeader.swift in Sources */,
				765B079E1D71D57700F5AB55 /* NormalHeader.swift in Sources */,
			);
			runOnlyForDeploymentPostprocessing = 0;
		};
/* End PBXSourcesBuildPhase section */

/* Begin PBXVariantGroup section */
		76564CBA1D71AC5200B0096C /* Main.storyboard */ = {
			isa = PBXVariantGroup;
			children = (
				76564CBB1D71AC5200B0096C /* Base */,
			);
			name = Main.storyboard;
			sourceTree = "<group>";
		};
		76564CBF1D71AC5200B0096C /* LaunchScreen.storyboard */ = {
			isa = PBXVariantGroup;
			children = (
				76564CC01D71AC5200B0096C /* Base */,
			);
			name = LaunchScreen.storyboard;
			sourceTree = "<group>";
		};
/* End PBXVariantGroup section */

/* Begin XCBuildConfiguration section */
		76564CC31D71AC5200B0096C /* Debug */ = {
			isa = XCBuildConfiguration;
			buildSettings = {
				ALWAYS_SEARCH_USER_PATHS = NO;
				CLANG_ANALYZER_NONNULL = YES;
				CLANG_CXX_LANGUAGE_STANDARD = "gnu++0x";
				CLANG_CXX_LIBRARY = "libc++";
				CLANG_ENABLE_MODULES = YES;
				CLANG_ENABLE_OBJC_ARC = YES;
				CLANG_WARN_BOOL_CONVERSION = YES;
				CLANG_WARN_CONSTANT_CONVERSION = YES;
				CLANG_WARN_DIRECT_OBJC_ISA_USAGE = YES_ERROR;
				CLANG_WARN_EMPTY_BODY = YES;
				CLANG_WARN_ENUM_CONVERSION = YES;
				CLANG_WARN_INT_CONVERSION = YES;
				CLANG_WARN_OBJC_ROOT_CLASS = YES_ERROR;
				CLANG_WARN_UNREACHABLE_CODE = YES;
				CLANG_WARN__DUPLICATE_METHOD_MATCH = YES;
				"CODE_SIGN_IDENTITY[sdk=iphoneos*]" = "iPhone Developer";
				COPY_PHASE_STRIP = NO;
				DEBUG_INFORMATION_FORMAT = dwarf;
				ENABLE_STRICT_OBJC_MSGSEND = YES;
				ENABLE_TESTABILITY = YES;
				GCC_C_LANGUAGE_STANDARD = gnu99;
				GCC_DYNAMIC_NO_PIC = NO;
				GCC_NO_COMMON_BLOCKS = YES;
				GCC_OPTIMIZATION_LEVEL = 0;
				GCC_PREPROCESSOR_DEFINITIONS = (
					"DEBUG=1",
					"$(inherited)",
				);
				GCC_WARN_64_TO_32_BIT_CONVERSION = YES;
				GCC_WARN_ABOUT_RETURN_TYPE = YES_ERROR;
				GCC_WARN_UNDECLARED_SELECTOR = YES;
				GCC_WARN_UNINITIALIZED_AUTOS = YES_AGGRESSIVE;
				GCC_WARN_UNUSED_FUNCTION = YES;
				GCC_WARN_UNUSED_VARIABLE = YES;
				IPHONEOS_DEPLOYMENT_TARGET = 9.3;
				MTL_ENABLE_DEBUG_INFO = YES;
				ONLY_ACTIVE_ARCH = YES;
				SDKROOT = iphoneos;
				SWIFT_OPTIMIZATION_LEVEL = "-Onone";
			};
			name = Debug;
		};
		76564CC41D71AC5200B0096C /* Release */ = {
			isa = XCBuildConfiguration;
			buildSettings = {
				ALWAYS_SEARCH_USER_PATHS = NO;
				CLANG_ANALYZER_NONNULL = YES;
				CLANG_CXX_LANGUAGE_STANDARD = "gnu++0x";
				CLANG_CXX_LIBRARY = "libc++";
				CLANG_ENABLE_MODULES = YES;
				CLANG_ENABLE_OBJC_ARC = YES;
				CLANG_WARN_BOOL_CONVERSION = YES;
				CLANG_WARN_CONSTANT_CONVERSION = YES;
				CLANG_WARN_DIRECT_OBJC_ISA_USAGE = YES_ERROR;
				CLANG_WARN_EMPTY_BODY = YES;
				CLANG_WARN_ENUM_CONVERSION = YES;
				CLANG_WARN_INT_CONVERSION = YES;
				CLANG_WARN_OBJC_ROOT_CLASS = YES_ERROR;
				CLANG_WARN_UNREACHABLE_CODE = YES;
				CLANG_WARN__DUPLICATE_METHOD_MATCH = YES;
				"CODE_SIGN_IDENTITY[sdk=iphoneos*]" = "iPhone Developer";
				COPY_PHASE_STRIP = NO;
				DEBUG_INFORMATION_FORMAT = "dwarf-with-dsym";
				ENABLE_NS_ASSERTIONS = NO;
				ENABLE_STRICT_OBJC_MSGSEND = YES;
				GCC_C_LANGUAGE_STANDARD = gnu99;
				GCC_NO_COMMON_BLOCKS = YES;
				GCC_WARN_64_TO_32_BIT_CONVERSION = YES;
				GCC_WARN_ABOUT_RETURN_TYPE = YES_ERROR;
				GCC_WARN_UNDECLARED_SELECTOR = YES;
				GCC_WARN_UNINITIALIZED_AUTOS = YES_AGGRESSIVE;
				GCC_WARN_UNUSED_FUNCTION = YES;
				GCC_WARN_UNUSED_VARIABLE = YES;
				IPHONEOS_DEPLOYMENT_TARGET = 9.3;
				MTL_ENABLE_DEBUG_INFO = NO;
				SDKROOT = iphoneos;
				VALIDATE_PRODUCT = YES;
			};
			name = Release;
		};
		76564CC61D71AC5200B0096C /* Debug */ = {
			isa = XCBuildConfiguration;
			baseConfigurationReference = 0CA8A109793A7474C195B703 /* Pods-AppleExplore.debug.xcconfig */;
			buildSettings = {
				ASSETCATALOG_COMPILER_APPICON_NAME = AppIcon;
				INFOPLIST_FILE = AppleExplore/Info.plist;
				LD_RUNPATH_SEARCH_PATHS = "$(inherited) @executable_path/Frameworks";
				PRODUCT_BUNDLE_IDENTIFIER = com.cravip.AppleExplore;
				PRODUCT_NAME = "$(TARGET_NAME)";
			};
			name = Debug;
		};
		76564CC71D71AC5200B0096C /* Release */ = {
			isa = XCBuildConfiguration;
			baseConfigurationReference = 053A71AD8F5584C93FFE3C32 /* Pods-AppleExplore.release.xcconfig */;
			buildSettings = {
				ASSETCATALOG_COMPILER_APPICON_NAME = AppIcon;
				INFOPLIST_FILE = AppleExplore/Info.plist;
				LD_RUNPATH_SEARCH_PATHS = "$(inherited) @executable_path/Frameworks";
				PRODUCT_BUNDLE_IDENTIFIER = com.cravip.AppleExplore;
				PRODUCT_NAME = "$(TARGET_NAME)";
			};
			name = Release;
		};
/* End XCBuildConfiguration section */

/* Begin XCConfigurationList section */
		76564CAE1D71AC5200B0096C /* Build configuration list for PBXProject "AppleExplore" */ = {
			isa = XCConfigurationList;
			buildConfigurations = (
				76564CC31D71AC5200B0096C /* Debug */,
				76564CC41D71AC5200B0096C /* Release */,
			);
			defaultConfigurationIsVisible = 0;
			defaultConfigurationName = Release;
		};
		76564CC51D71AC5200B0096C /* Build configuration list for PBXNativeTarget "AppleExplore" */ = {
			isa = XCConfigurationList;
			buildConfigurations = (
				76564CC61D71AC5200B0096C /* Debug */,
				76564CC71D71AC5200B0096C /* Release */,
			);
			defaultConfigurationIsVisible = 0;
			defaultConfigurationName = Release;
		};
/* End XCConfigurationList section */
	};
	rootObject = 76564CAB1D71AC5200B0096C /* Project object */;
}
