// !$*UTF8*$!
{
	archiveVersion = 1;
	classes = {
	};
	objectVersion = 46;
	objects = {

/* Begin PBXBuildFile section */
		76564CB71D71AC5200B0096C /* AppDelegate.swift in Sources */ = {isa = PBXBuildFile; fileRef = 76564CB61D71AC5200B0096C /* AppDelegate.swift */; };
		76564CB91D71AC5200B0096C /* ViewController.swift in Sources */ = {isa = PBXBuildFile; fileRef = 76564CB81D71AC5200B0096C /* ViewController.swift */; };
		76564CBC1D71AC5200B0096C /* Main.storyboard in Resources */ = {isa = PBXBuildFile; fileRef = 76564CBA1D71AC5200B0096C /* Main.storyboard */; };
		76564CBE1D71AC5200B0096C /* Assets.xcassets in Resources */ = {isa = PBXBuildFile; fileRef = 76564CBD1D71AC5200B0096C /* Assets.xcassets */; };
		76564CC11D71AC5200B0096C /* LaunchScreen.storyboard in Resources */ = {isa = PBXBuildFile; fileRef = 76564CBF1D71AC5200B0096C /* LaunchScreen.storyboard */; };
		76564CCC1D71AC7000B0096C /* Constants.swift in Sources */ = {isa = PBXBuildFile; fileRef = 76564CCB1D71AC7000B0096C /* Constants.swift */; };
/* End PBXBuildFile section */

/* Begin PBXFileReference section */
		76564CB31D71AC5200B0096C /* AppleExplore.app */ = {isa = PBXFileReference; explicitFileType = wrapper.application; includeInIndex = 0; path = AppleExplore.app; sourceTree = BUILT_PRODUCTS_DIR; };
		76564CB61D71AC5200B0096C /* AppDelegate.swift */ = {isa = PBXFileReference; lastKnownFileType = sourcecode.swift; path = AppDelegate.swift; sourceTree = "<group>"; };
		76564CB81D71AC5200B0096C /* ViewController.swift */ = {isa = PBXFileReference; lastKnownFileType = sourcecode.swift; path = ViewController.swift; sourceTree = "<group>"; };
		76564CBB1D71AC5200B0096C /* Base */ = {isa = PBXFileReference; lastKnownFileType = file.storyboard; name = Base; path = Base.lproj/Main.storyboard; sourceTree = "<group>"; };
		76564CBD1D71AC5200B0096C /* Assets.xcassets */ = {isa = PBXFileReference; lastKnownFileType = folder.assetcatalog; path = Assets.xcassets; sourceTree = "<group>"; };
		76564CC01D71AC5200B0096C /* Base */ = {isa = PBXFileReference; lastKnownFileType = file.storyboard; name = Base; path = Base.lproj/LaunchScreen.storyboard; sourceTree = "<group>"; };
		76564CC21D71AC5200B0096C /* Info.plist */ = {isa = PBXFileReference; lastKnownFileType = text.plist.xml; path = Info.plist; sourceTree = "<group>"; };
		76564CCB1D71AC7000B0096C /* Constants.swift */ = {isa = PBXFileReference; fileEncoding = 4; lastKnownFileType = sourcecode.swift; path = Constants.swift; sourceTree = "<group>"; };
/* End PBXFileReference section */

/* Begin PBXFrameworksBuildPhase section */
		76564CB01D71AC5200B0096C /* Frameworks */ = {
			isa = PBXFrameworksBuildPhase;
			buildActionMask = 2147483647;
			files = (
			);
			runOnlyForDeploymentPostprocessing = 0;
		};
/* End PBXFrameworksBuildPhase section */

/* Begin PBXGroup section */
		76564CAA1D71AC5200B0096C = {
			isa = PBXGroup;
			children = (
				76564CB51D71AC5200B0096C /* AppleExplore */,
				76564CB41D71AC5200B0096C /* Products */,
			);
			sourceTree = "<group>";
		};
		76564CB41D71AC5200B0096C /* Products */ = {
			isa = PBXGroup;
			children = (
				76564CB31D71AC5200B0096C /* AppleExplore.app */,
			);
			name = Products;
			sourceTree = "<group>";
		};
		76564CB51D71AC5200B0096C /* AppleExplore */ = {
			isa = PBXGroup;
			children = (
				76564CCA1D71AC6500B0096C /* Cells */,
				76564CC91D71AC6100B0096C /* Constants */,
				76564CB61D71AC5200B0096C /* AppDelegate.swift */,
				76564CC81D71AC5C00B0096C /* Controllers */,
				76564CBA1D71AC5200B0096C /* Main.storyboard */,
				76564CBD1D71AC5200B0096C /* Assets.xcassets */,
				76564CBF1D71AC5200B0096C /* LaunchScreen.storyboard */,
				76564CC21D71AC5200B0096C /* Info.plist */,
			);
			path = AppleExplore;
			sourceTree = "<group>";
		};
		76564CC81D71AC5C00B0096C /* Controllers */ = {
			isa = PBXGroup;
			children = (
				76564CB81D71AC5200B0096C /* ViewController.swift */,
			);
			name = Controllers;
			sourceTree = "<group>";
		};
		76564CC91D71AC6100B0096C /* Constants */ = {
			isa = PBXGroup;
			children = (
				76564CCB1D71AC7000B0096C /* Constants.swift */,
			);
			name = Constants;
			sourceTree = "<group>";
		};
		76564CCA1D71AC6500B0096C /* Cells */ = {
			isa = PBXGroup;
			children = (
			);
			name = Cells;
			sourceTree = "<group>";
		};
/* End PBXGroup section */

/* Begin PBXNativeTarget section */
		76564CB21D71AC5200B0096C /* AppleExplore */ = {
			isa = PBXNativeTarget;
			buildConfigurationList = 76564CC51D71AC5200B0096C /* Build configuration list for PBXNativeTarget "AppleExplore" */;
			buildPhases = (
				76564CAF1D71AC5200B0096C /* Sources */,
				76564CB01D71AC5200B0096C /* Frameworks */,
				76564CB11D71AC5200B0096C /* Resources */,
			);
			buildRules = (
			);
			dependencies = (
			);
			name = AppleExplore;
			productName = AppleExplore;
			productReference = 76564CB31D71AC5200B0096C /* AppleExplore.app */;
			productType = "com.apple.product-type.application";
		};
/* End PBXNativeTarget section */

/* Begin PBXProject section */
		76564CAB1D71AC5200B0096C /* Project object */ = {
			isa = PBXProject;
			attributes = {
				LastSwiftUpdateCheck = 0730;
				LastUpgradeCheck = 0730;
				ORGANIZATIONNAME = Chandra;
				TargetAttributes = {
					76564CB21D71AC5200B0096C = {
						CreatedOnToolsVersion = 7.3.1;
					};
				};
			};
			buildConfigurationList = 76564CAE1D71AC5200B0096C /* Build configuration list for PBXProject "AppleExplore" */;
			compatibilityVersion = "Xcode 3.2";
			developmentRegion = English;
			hasScannedForEncodings = 0;
			knownRegions = (
				en,
				Base,
			);
			mainGroup = 76564CAA1D71AC5200B0096C;
			productRefGroup = 76564CB41D71AC5200B0096C /* Products */;
			projectDirPath = "";
			projectRoot = "";
			targets = (
				76564CB21D71AC5200B0096C /* AppleExplore */,
			);
		};
/* End PBXProject section */

/* Begin PBXResourcesBuildPhase section */
		76564CB11D71AC5200B0096C /* Resources */ = {
			isa = PBXResourcesBuildPhase;
			buildActionMask = 2147483647;
			files = (
				76564CC11D71AC5200B0096C /* LaunchScreen.storyboard in Resources */,
				76564CBE1D71AC5200B0096C /* Assets.xcassets in Resources */,
				76564CBC1D71AC5200B0096C /* Main.storyboard in Resources */,
			);
			runOnlyForDeploymentPostprocessing = 0;
		};
/* End PBXResourcesBuildPhase section */

/* Begin PBXSourcesBuildPhase section */
		76564CAF1D71AC5200B0096C /* Sources */ = {
			isa = PBXSourcesBuildPhase;
			buildActionMask = 2147483647;
			files = (
				76564CB91D71AC5200B0096C /* ViewController.swift in Sources */,
				76564CB71D71AC5200B0096C /* AppDelegate.swift in Sources */,
				76564CCC1D71AC7000B0096C /* Constants.swift in Sources */,
			);
			runOnlyForDeploymentPostprocessing = 0;
		};
/* End PBXSourcesBuildPhase section */

/* Begin PBXVariantGroup section */
		76564CBA1D71AC5200B0096C /* Main.storyboard */ = {
			isa = PBXVariantGroup;
			children = (
				76564CBB1D71AC5200B0096C /* Base */,
			);
			name = Main.storyboard;
			sourceTree = "<group>";
		};
		76564CBF1D71AC5200B0096C /* LaunchScreen.storyboard */ = {
			isa = PBXVariantGroup;
			children = (
				76564CC01D71AC5200B0096C /* Base */,
			);
			name = LaunchScreen.storyboard;
			sourceTree = "<group>";
		};
/* End PBXVariantGroup section */

/* Begin XCBuildConfiguration section */
		76564CC31D71AC5200B0096C /* Debug */ = {
			isa = XCBuildConfiguration;
			buildSettings = {
				ALWAYS_SEARCH_USER_PATHS = NO;
				CLANG_ANALYZER_NONNULL = YES;
				CLANG_CXX_LANGUAGE_STANDARD = "gnu++0x";
				CLANG_CXX_LIBRARY = "libc++";
				CLANG_ENABLE_MODULES = YES;
				CLANG_ENABLE_OBJC_ARC = YES;
				CLANG_WARN_BOOL_CONVERSION = YES;
				CLANG_WARN_CONSTANT_CONVERSION = YES;
				CLANG_WARN_DIRECT_OBJC_ISA_USAGE = YES_ERROR;
				CLANG_WARN_EMPTY_BODY = YES;
				CLANG_WARN_ENUM_CONVERSION = YES;
				CLANG_WARN_INT_CONVERSION = YES;
				CLANG_WARN_OBJC_ROOT_CLASS = YES_ERROR;
				CLANG_WARN_UNREACHABLE_CODE = YES;
				CLANG_WARN__DUPLICATE_METHOD_MATCH = YES;
				"CODE_SIGN_IDENTITY[sdk=iphoneos*]" = "iPhone Developer";
				COPY_PHASE_STRIP = NO;
				DEBUG_INFORMATION_FORMAT = dwarf;
				ENABLE_STRICT_OBJC_MSGSEND = YES;
				ENABLE_TESTABILITY = YES;
				GCC_C_LANGUAGE_STANDARD = gnu99;
				GCC_DYNAMIC_NO_PIC = NO;
				GCC_NO_COMMON_BLOCKS = YES;
				GCC_OPTIMIZATION_LEVEL = 0;
				GCC_PREPROCESSOR_DEFINITIONS = (
					"DEBUG=1",
					"$(inherited)",
				);
				GCC_WARN_64_TO_32_BIT_CONVERSION = YES;
				GCC_WARN_ABOUT_RETURN_TYPE = YES_ERROR;
				GCC_WARN_UNDECLARED_SELECTOR = YES;
				GCC_WARN_UNINITIALIZED_AUTOS = YES_AGGRESSIVE;
				GCC_WARN_UNUSED_FUNCTION = YES;
				GCC_WARN_UNUSED_VARIABLE = YES;
				IPHONEOS_DEPLOYMENT_TARGET = 9.3;
				MTL_ENABLE_DEBUG_INFO = YES;
				ONLY_ACTIVE_ARCH = YES;
				SDKROOT = iphoneos;
				SWIFT_OPTIMIZATION_LEVEL = "-Onone";
			};
			name = Debug;
		};
		76564CC41D71AC5200B0096C /* Release */ = {
			isa = XCBuildConfiguration;
			buildSettings = {
				ALWAYS_SEARCH_USER_PATHS = NO;
				CLANG_ANALYZER_NONNULL = YES;
				CLANG_CXX_LANGUAGE_STANDARD = "gnu++0x";
				CLANG_CXX_LIBRARY = "libc++";
				CLANG_ENABLE_MODULES = YES;
				CLANG_ENABLE_OBJC_ARC = YES;
				CLANG_WARN_BOOL_CONVERSION = YES;
				CLANG_WARN_CONSTANT_CONVERSION = YES;
				CLANG_WARN_DIRECT_OBJC_ISA_USAGE = YES_ERROR;
				CLANG_WARN_EMPTY_BODY = YES;
				CLANG_WARN_ENUM_CONVERSION = YES;
				CLANG_WARN_INT_CONVERSION = YES;
				CLANG_WARN_OBJC_ROOT_CLASS = YES_ERROR;
				CLANG_WARN_UNREACHABLE_CODE = YES;
				CLANG_WARN__DUPLICATE_METHOD_MATCH = YES;
				"CODE_SIGN_IDENTITY[sdk=iphoneos*]" = "iPhone Developer";
				COPY_PHASE_STRIP = NO;
				DEBUG_INFORMATION_FORMAT = "dwarf-with-dsym";
				ENABLE_NS_ASSERTIONS = NO;
				ENABLE_STRICT_OBJC_MSGSEND = YES;
				GCC_C_LANGUAGE_STANDARD = gnu99;
				GCC_NO_COMMON_BLOCKS = YES;
				GCC_WARN_64_TO_32_BIT_CONVERSION = YES;
				GCC_WARN_ABOUT_RETURN_TYPE = YES_ERROR;
				GCC_WARN_UNDECLARED_SELECTOR = YES;
				GCC_WARN_UNINITIALIZED_AUTOS = YES_AGGRESSIVE;
				GCC_WARN_UNUSED_FUNCTION = YES;
				GCC_WARN_UNUSED_VARIABLE = YES;
				IPHONEOS_DEPLOYMENT_TARGET = 9.3;
				MTL_ENABLE_DEBUG_INFO = NO;
				SDKROOT = iphoneos;
				VALIDATE_PRODUCT = YES;
			};
			name = Release;
		};
		76564CC61D71AC5200B0096C /* Debug */ = {
			isa = XCBuildConfiguration;
			buildSettings = {
				ASSETCATALOG_COMPILER_APPICON_NAME = AppIcon;
				INFOPLIST_FILE = AppleExplore/Info.plist;
				LD_RUNPATH_SEARCH_PATHS = "$(inherited) @executable_path/Frameworks";
				PRODUCT_BUNDLE_IDENTIFIER = com.cravip.AppleExplore;
				PRODUCT_NAME = "$(TARGET_NAME)";
			};
			name = Debug;
		};
		76564CC71D71AC5200B0096C /* Release */ = {
			isa = XCBuildConfiguration;
			buildSettings = {
				ASSETCATALOG_COMPILER_APPICON_NAME = AppIcon;
				INFOPLIST_FILE = AppleExplore/Info.plist;
				LD_RUNPATH_SEARCH_PATHS = "$(inherited) @executable_path/Frameworks";
				PRODUCT_BUNDLE_IDENTIFIER = com.cravip.AppleExplore;
				PRODUCT_NAME = "$(TARGET_NAME)";
			};
			name = Release;
		};
/* End XCBuildConfiguration section */

/* Begin XCConfigurationList section */
		76564CAE1D71AC5200B0096C /* Build configuration list for PBXProject "AppleExplore" */ = {
			isa = XCConfigurationList;
			buildConfigurations = (
				76564CC31D71AC5200B0096C /* Debug */,
				76564CC41D71AC5200B0096C /* Release */,
			);
			defaultConfigurationIsVisible = 0;
			defaultConfigurationName = Release;
		};
		76564CC51D71AC5200B0096C /* Build configuration list for PBXNativeTarget "AppleExplore" */ = {
			isa = XCConfigurationList;
			buildConfigurations = (
				76564CC61D71AC5200B0096C /* Debug */,
				76564CC71D71AC5200B0096C /* Release */,
			);
			defaultConfigurationIsVisible = 0;
		};
/* End XCConfigurationList section */
	};
	rootObject = 76564CAB1D71AC5200B0096C /* Project object */;
}
